<?xml version="1.0" encoding="utf-8"?>
<Project ToolsVersion="4.0" xmlns="http://schemas.microsoft.com/developer/msbuild/2003">
  <ItemGroup>
    <Filter Include="소스 파일">
      <UniqueIdentifier>{4FC737F1-C7A5-4376-A066-2A32D752A2FF}</UniqueIdentifier>
      <Extensions>cpp;c;cc;cxx;c++;cppm;ixx;def;odl;idl;hpj;bat;asm;asmx</Extensions>
    </Filter>
    <Filter Include="리소스 파일">
      <UniqueIdentifier>{67DA6AB6-F800-4c08-8B7A-83BB121AAD01}</UniqueIdentifier>
      <Extensions>rc;ico;cur;bmp;dlg;rc2;rct;bin;rgs;gif;jpg;jpeg;jpe;resx;tiff;tif;png;wav;mfcribbon-ms</Extensions>
    </Filter>
    <Filter Include="Shaders">
      <UniqueIdentifier>{2cc43e07-d6e9-4872-9183-90ec5095c975}</UniqueIdentifier>
    </Filter>
  </ItemGroup>
  <ItemGroup>
    <ClInclude Include="framework.h">
      <Filter>소스 파일</Filter>
    </ClInclude>
    <ClInclude Include="pch.h">
      <Filter>소스 파일</Filter>
    </ClInclude>
    <ClInclude Include="DemoApp.h">
      <Filter>소스 파일</Filter>
    </ClInclude>
  </ItemGroup>
  <ItemGroup>
    <ClCompile Include="WinMain.cpp">
      <Filter>소스 파일</Filter>
    </ClCompile>
    <ClCompile Include="DemoApp.cpp">
      <Filter>소스 파일</Filter>
    </ClCompile>
  </ItemGroup>
  <ItemGroup>
    <None Include="Shared.hlsli">
      <Filter>Shaders</Filter>
    </None>
  </ItemGroup>
  <ItemGroup>
    <FxCompile Include="PixelShader.hlsl">
      <Filter>Shaders</Filter>
    </FxCompile>
    <FxCompile Include="SkeletalMeshVS.hlsl">
      <Filter>Shaders</Filter>
    </FxCompile>
    <FxCompile Include="PBRPixelShader.hlsl">
      <Filter>Shaders</Filter>
    </FxCompile>
    <FxCompile Include="StaticMeshVS.hlsl">
      <Filter>Shaders</Filter>
    </FxCompile>
    <FxCompile Include="EnvironmentVS.hlsl">
      <Filter>Shaders</Filter>
    </FxCompile>
    <FxCompile Include="EnvironmentPS.hlsl">
      <Filter>Shaders</Filter>
    </FxCompile>
    <FxCompile Include="ShadowPS.hlsl">
      <Filter>Shaders</Filter>
    </FxCompile>
  </ItemGroup>
</Project>