<?xml version="1.0" encoding="utf-8"?>
<Project ToolsVersion="4.0" xmlns="http://schemas.microsoft.com/developer/msbuild/2003">
  <ItemGroup>
    <Filter Include="소스 파일">
      <UniqueIdentifier>{4FC737F1-C7A5-4376-A066-2A32D752A2FF}</UniqueIdentifier>
      <Extensions>cpp;c;cc;cxx;c++;cppm;ixx;def;odl;idl;hpj;bat;asm;asmx</Extensions>
    </Filter>
    <Filter Include="리소스 파일">
      <UniqueIdentifier>{67DA6AB6-F800-4c08-8B7A-83BB121AAD01}</UniqueIdentifier>
      <Extensions>rc;ico;cur;bmp;dlg;rc2;rct;bin;rgs;gif;jpg;jpeg;jpe;resx;tiff;tif;png;wav;mfcribbon-ms</Extensions>
    </Filter>
    <Filter Include="소스 파일\Model">
      <UniqueIdentifier>{07fc9b93-67da-4702-8cbe-568627aa60ff}</UniqueIdentifier>
    </Filter>
    <Filter Include="소스 파일\Model\Mesh">
      <UniqueIdentifier>{e87fec41-4737-470d-84ae-9ec5d46a8fb1}</UniqueIdentifier>
    </Filter>
    <Filter Include="소스 파일\Model\Animation">
      <UniqueIdentifier>{280a24c0-3594-4e4e-a9e3-1cf7ce8649b3}</UniqueIdentifier>
    </Filter>
    <Filter Include="소스 파일\Model\Mesh\Node">
      <UniqueIdentifier>{8c8bc30e-d08d-4047-a3fe-81a1d1ce9826}</UniqueIdentifier>
    </Filter>
    <Filter Include="소스 파일\Model\Mesh\Bone">
      <UniqueIdentifier>{ffda224b-5b44-49c4-be1a-d4bee705e65b}</UniqueIdentifier>
    </Filter>
    <Filter Include="소스 파일\Actor">
      <UniqueIdentifier>{2e7898db-7dd6-48c5-9615-8c7328cb2226}</UniqueIdentifier>
    </Filter>
    <Filter Include="소스 파일\Component">
      <UniqueIdentifier>{c38e7d49-c60c-4073-8589-dc5cd312341c}</UniqueIdentifier>
    </Filter>
    <Filter Include="소스 파일\Component\SceneComponent">
      <UniqueIdentifier>{d1e32fb1-d38d-4cb6-8f40-015812bbea4a}</UniqueIdentifier>
    </Filter>
    <Filter Include="소스 파일\Component\StaticMeshComponent">
      <UniqueIdentifier>{0ccab806-5c5b-47d6-8b09-1a8755e2bbfa}</UniqueIdentifier>
    </Filter>
    <Filter Include="소스 파일\Component\SkeletalMeshComponent">
      <UniqueIdentifier>{000e8422-0fe8-4a21-ad56-074d9813ce9e}</UniqueIdentifier>
    </Filter>
    <Filter Include="소스 파일\Manager">
      <UniqueIdentifier>{2823018b-670e-4b5d-899f-ea01113848d5}</UniqueIdentifier>
    </Filter>
    <Filter Include="소스 파일\Manager\ResourceManager">
      <UniqueIdentifier>{3d4113cc-ad1f-43a4-94f9-4a43a37343a0}</UniqueIdentifier>
    </Filter>
    <Filter Include="소스 파일\Resource">
      <UniqueIdentifier>{4d741731-29ef-4348-be71-8eeb1c8511f7}</UniqueIdentifier>
    </Filter>
    <Filter Include="소스 파일\Actor\StaticMeshActor">
      <UniqueIdentifier>{abf207f7-517e-49a1-aeee-aded72dbeef3}</UniqueIdentifier>
    </Filter>
    <Filter Include="소스 파일\Actor\SkeletalMeshActor">
      <UniqueIdentifier>{246a440d-2a00-4173-91ab-3f9fa05a7591}</UniqueIdentifier>
    </Filter>
    <Filter Include="소스 파일\Resource\SkeletalMesh">
      <UniqueIdentifier>{f7bdb58c-8dc7-4082-9a85-7342f758667d}</UniqueIdentifier>
    </Filter>
    <Filter Include="소스 파일\Resource\StaticMesh">
      <UniqueIdentifier>{96cea3c6-7ca4-4d29-aa74-5ac98ffbe63f}</UniqueIdentifier>
    </Filter>
    <Filter Include="소스 파일\Resource\Material">
      <UniqueIdentifier>{aceb7a80-145a-4bc1-a7d1-c0ecc7ad8e19}</UniqueIdentifier>
    </Filter>
    <Filter Include="소스 파일\Resource\Bone">
      <UniqueIdentifier>{e2af69f7-e83a-43db-a072-a6b395148284}</UniqueIdentifier>
    </Filter>
    <Filter Include="소스 파일\Resource\Animation">
      <UniqueIdentifier>{5862e7b8-ea9e-4f17-af8c-e9d0915a9dda}</UniqueIdentifier>
    </Filter>
    <Filter Include="소스 파일\Resource\Node">
      <UniqueIdentifier>{efec70f9-d831-421b-9762-5876168b86fb}</UniqueIdentifier>
    </Filter>
    <Filter Include="소스 파일\Manager\D3DRenderManager">
      <UniqueIdentifier>{91dc7b62-dba9-45e2-8374-6a311ffb1fdf}</UniqueIdentifier>
    </Filter>
    <Filter Include="소스 파일\World">
      <UniqueIdentifier>{afd82a75-865b-4089-91ea-e92e87f713b8}</UniqueIdentifier>
    </Filter>
    <Filter Include="소스 파일\Instance">
      <UniqueIdentifier>{829f6e59-2b0c-40fa-89c4-79529207ced5}</UniqueIdentifier>
    </Filter>
  </ItemGroup>
  <ItemGroup>
    <ClInclude Include="pch.h">
      <Filter>소스 파일</Filter>
    </ClInclude>
    <ClInclude Include="Model.h">
      <Filter>소스 파일\Model</Filter>
    </ClInclude>
    <ClInclude Include="Mesh.h">
      <Filter>소스 파일\Model\Mesh</Filter>
    </ClInclude>
    <ClInclude Include="Bone.h">
      <Filter>소스 파일\Model\Mesh\Bone</Filter>
    </ClInclude>
    <ClInclude Include="Animation.h">
      <Filter>소스 파일\Model\Animation</Filter>
    </ClInclude>
    <ClInclude Include="Node.h">
      <Filter>소스 파일\Model\Mesh\Node</Filter>
    </ClInclude>
    <ClInclude Include="Actor.h">
      <Filter>소스 파일\Actor</Filter>
    </ClInclude>
    <ClInclude Include="Component.h">
      <Filter>소스 파일\Component</Filter>
    </ClInclude>
    <ClInclude Include="SceneComponent.h">
      <Filter>소스 파일\Component\SceneComponent</Filter>
    </ClInclude>
    <ClInclude Include="StaticMeshComponent.h">
      <Filter>소스 파일\Component\StaticMeshComponent</Filter>
    </ClInclude>
    <ClInclude Include="SkeletalMeshComponent.h">
      <Filter>소스 파일\Component\SkeletalMeshComponent</Filter>
    </ClInclude>
    <ClInclude Include="Helper.h">
      <Filter>소스 파일</Filter>
    </ClInclude>
    <ClInclude Include="App.h">
      <Filter>소스 파일</Filter>
    </ClInclude>
    <ClInclude Include="ResourceManager.h">
      <Filter>소스 파일\Manager\ResourceManager</Filter>
    </ClInclude>
    <ClInclude Include="StaticMeshActor.h">
      <Filter>소스 파일\Actor\StaticMeshActor</Filter>
    </ClInclude>
    <ClInclude Include="StaticMesh.h">
      <Filter>소스 파일\Resource\StaticMesh</Filter>
    </ClInclude>
    <ClInclude Include="Material.h">
      <Filter>소스 파일\Resource\Material</Filter>
    </ClInclude>
    <ClInclude Include="D3DRenderManager.h">
      <Filter>소스 파일\Manager\D3DRenderManager</Filter>
    </ClInclude>
    <ClInclude Include="World.h">
      <Filter>소스 파일\World</Filter>
    </ClInclude>
    <ClInclude Include="StaticMeshInstance.h">
      <Filter>소스 파일\Instance</Filter>
    </ClInclude>
  </ItemGroup>
  <ItemGroup>
    <ClCompile Include="Model.cpp">
      <Filter>소스 파일\Model</Filter>
    </ClCompile>
    <ClCompile Include="Mesh.cpp">
      <Filter>소스 파일\Model\Mesh</Filter>
    </ClCompile>
    <ClCompile Include="Bone.cpp">
      <Filter>소스 파일\Model\Mesh\Bone</Filter>
    </ClCompile>
    <ClCompile Include="Animation.cpp">
      <Filter>소스 파일\Model\Animation</Filter>
    </ClCompile>
    <ClCompile Include="Node.cpp">
      <Filter>소스 파일\Model\Mesh\Node</Filter>
    </ClCompile>
    <ClCompile Include="Actor.cpp">
      <Filter>소스 파일\Actor</Filter>
    </ClCompile>
    <ClCompile Include="Component.cpp">
      <Filter>소스 파일\Component</Filter>
    </ClCompile>
    <ClCompile Include="SceneComponent.cpp">
      <Filter>소스 파일\Component\SceneComponent</Filter>
    </ClCompile>
    <ClCompile Include="StaticMeshComponent.cpp">
      <Filter>소스 파일\Component\StaticMeshComponent</Filter>
    </ClCompile>
    <ClCompile Include="SkeletalMeshComponent.cpp">
      <Filter>소스 파일\Component\SkeletalMeshComponent</Filter>
    </ClCompile>
    <ClCompile Include="App.cpp">
      <Filter>소스 파일</Filter>
    </ClCompile>
    <ClCompile Include="ResourceManager.cpp">
      <Filter>소스 파일\Manager\ResourceManager</Filter>
    </ClCompile>
    <ClCompile Include="StaticMeshActor.cpp">
      <Filter>소스 파일\Actor\StaticMeshActor</Filter>
    </ClCompile>
    <ClCompile Include="StaticMesh.cpp">
      <Filter>소스 파일\Resource\StaticMesh</Filter>
    </ClCompile>
    <ClCompile Include="Material.cpp">
      <Filter>소스 파일\Resource\Material</Filter>
    </ClCompile>
    <ClCompile Include="D3DRenderManager.cpp">
      <Filter>소스 파일\Manager\D3DRenderManager</Filter>
    </ClCompile>
    <ClCompile Include="World.cpp">
      <Filter>소스 파일\World</Filter>
    </ClCompile>
    <ClCompile Include="StaticMeshInstance.cpp">
      <Filter>소스 파일\Instance</Filter>
    </ClCompile>
  </ItemGroup>
</Project>